Microsoft Visual Studio Solution File, Format Version 12.00
# Visual Studio Version 17
VisualStudioVersion = 17.5.2.0
MinimumVisualStudioVersion = 10.0.40219.1
Project("{FAE04EC0-301F-11D3-BF4B-00C04F79EFBC}") = "DiEx", "DiEx.csproj", "{90B76A35-7DB8-30E8-9B44-411C102B4C8B}"
EndProject
Global
	GlobalSection(SolutionConfigurationPlatforms) = preSolution
		Debug|Any CPU = Debug|Any CPU
		Release|Any CPU = Release|Any CPU
	EndGlobalSection
	GlobalSection(ProjectConfigurationPlatforms) = postSolution
		{90B76A35-7DB8-30E8-9B44-411C102B4C8B}.Debug|Any CPU.ActiveCfg = Debug|Any CPU
		{90B76A35-7DB8-30E8-9B44-411C102B4C8B}.Debug|Any CPU.Build.0 = Debug|Any CPU
		{90B76A35-7DB8-30E8-9B44-411C102B4C8B}.Release|Any CPU.ActiveCfg = Release|Any CPU
		{90B76A35-7DB8-30E8-9B44-411C102B4C8B}.Release|Any CPU.Build.0 = Release|Any CPU
	EndGlobalSection
	GlobalSection(SolutionProperties) = preSolution
		HideSolutionNode = FALSE
	EndGlobalSection
	GlobalSection(ExtensibilityGlobals) = postSolution
		SolutionGuid = {F10EEB0F-231B-404C-A579-88ACC4C6017E}
	EndGlobalSection
EndGlobal
