
Microsoft Visual Studio Solution File, Format Version 12.00
# Visual Studio Version 17
VisualStudioVersion = 17.9.34728.123
MinimumVisualStudioVersion = 10.0.40219.1
Project("{FAE04EC0-301F-11D3-BF4B-00C04F79EFBC}") = "L001_SQL_Client", "L001_SQL_Client\L001_SQL_Client.csproj", "{C446DFB6-683B-42BE-AC9B-F9DCFFE94F73}"
EndProject
Project("{FAE04EC0-301F-11D3-BF4B-00C04F79EFBC}") = "L002_SQL_Injection_Demo", "L002_SQL_Injection_Demo\L002_SQL_Injection_Demo.csproj", "{2E109DC2-D3F3-449B-8DB5-BF110BF3307B}"
EndProject
Global
	GlobalSection(SolutionConfigurationPlatforms) = preSolution
		Debug|Any CPU = Debug|Any CPU
		Release|Any CPU = Release|Any CPU
	EndGlobalSection
	GlobalSection(ProjectConfigurationPlatforms) = postSolution
		{C446DFB6-683B-42BE-AC9B-F9DCFFE94F73}.Debug|Any CPU.ActiveCfg = Debug|Any CPU
		{C446DFB6-683B-42BE-AC9B-F9DCFFE94F73}.Debug|Any CPU.Build.0 = Debug|Any CPU
		{C446DFB6-683B-42BE-AC9B-F9DCFFE94F73}.Release|Any CPU.ActiveCfg = Release|Any CPU
		{C446DFB6-683B-42BE-AC9B-F9DCFFE94F73}.Release|Any CPU.Build.0 = Release|Any CPU
		{2E109DC2-D3F3-449B-8DB5-BF110BF3307B}.Debug|Any CPU.ActiveCfg = Debug|Any CPU
		{2E109DC2-D3F3-449B-8DB5-BF110BF3307B}.Debug|Any CPU.Build.0 = Debug|Any CPU
		{2E109DC2-D3F3-449B-8DB5-BF110BF3307B}.Release|Any CPU.ActiveCfg = Release|Any CPU
		{2E109DC2-D3F3-449B-8DB5-BF110BF3307B}.Release|Any CPU.Build.0 = Release|Any CPU
	EndGlobalSection
	GlobalSection(SolutionProperties) = preSolution
		HideSolutionNode = FALSE
	EndGlobalSection
	GlobalSection(ExtensibilityGlobals) = postSolution
		SolutionGuid = {418722C7-519C-4DB6-B2D4-4431F90560ED}
	EndGlobalSection
EndGlobal
