
Microsoft Visual Studio Solution File, Format Version 12.00
# Visual Studio Version 17
VisualStudioVersion = 17.11.35222.181
MinimumVisualStudioVersion = 10.0.40219.1
Project("{FAE04EC0-301F-11D3-BF4B-00C04F79EFBC}") = "1", "1\1.csproj", "{B1AB7671-4F6E-49A5-8895-76FC476B4FF3}"
EndProject
Project("{FAE04EC0-301F-11D3-BF4B-00C04F79EFBC}") = "2", "2\2.csproj", "{E4AA199C-BE41-47EC-A0CB-6CAD4CE17A71}"
EndProject
Project("{FAE04EC0-301F-11D3-BF4B-00C04F79EFBC}") = "3", "3\3.csproj", "{EF12BA10-CCDE-48DB-A385-15C3B03835A9}"
EndProject
Project("{FAE04EC0-301F-11D3-BF4B-00C04F79EFBC}") = "4", "4\4.csproj", "{EC2BD662-F996-4636-85AA-8AAA6CB1D208}"
EndProject
Project("{FAE04EC0-301F-11D3-BF4B-00C04F79EFBC}") = "5", "5\5.csproj", "{4C84EDA2-B96E-4427-BEEE-95953D493B44}"
EndProject
Project("{FAE04EC0-301F-11D3-BF4B-00C04F79EFBC}") = "6", "6\6.csproj", "{11D72045-2DF3-4A30-96C9-4227FCEF875F}"
EndProject
Project("{FAE04EC0-301F-11D3-BF4B-00C04F79EFBC}") = "7", "7\7.csproj", "{3C71C907-36F3-40ED-AC3A-DC0CD9877338}"
EndProject
Project("{FAE04EC0-301F-11D3-BF4B-00C04F79EFBC}") = "8", "8\8.csproj", "{96E9BB2D-AEC1-4731-B0E6-61B1505114D2}"
EndProject
Project("{FAE04EC0-301F-11D3-BF4B-00C04F79EFBC}") = "9", "9\9.csproj", "{D0F0B27A-FBDF-47F5-89AE-2648A9C999A0}"
EndProject
Project("{FAE04EC0-301F-11D3-BF4B-00C04F79EFBC}") = "10", "10\10.csproj", "{2E2E09D9-CA84-49F9-9321-B72165D6C3D2}"
EndProject
Project("{FAE04EC0-301F-11D3-BF4B-00C04F79EFBC}") = "11", "11\11.csproj", "{910861D8-F87B-4CAF-BF51-2210AFD4BA57}"
EndProject
Project("{FAE04EC0-301F-11D3-BF4B-00C04F79EFBC}") = "12", "12\12.csproj", "{4BB6DEFD-B186-44B0-960C-D33184B0A210}"
EndProject
Global
	GlobalSection(SolutionConfigurationPlatforms) = preSolution
		Debug|Any CPU = Debug|Any CPU
		Release|Any CPU = Release|Any CPU
	EndGlobalSection
	GlobalSection(ProjectConfigurationPlatforms) = postSolution
		{B1AB7671-4F6E-49A5-8895-76FC476B4FF3}.Debug|Any CPU.ActiveCfg = Debug|Any CPU
		{B1AB7671-4F6E-49A5-8895-76FC476B4FF3}.Debug|Any CPU.Build.0 = Debug|Any CPU
		{B1AB7671-4F6E-49A5-8895-76FC476B4FF3}.Release|Any CPU.ActiveCfg = Release|Any CPU
		{B1AB7671-4F6E-49A5-8895-76FC476B4FF3}.Release|Any CPU.Build.0 = Release|Any CPU
		{E4AA199C-BE41-47EC-A0CB-6CAD4CE17A71}.Debug|Any CPU.ActiveCfg = Debug|Any CPU
		{E4AA199C-BE41-47EC-A0CB-6CAD4CE17A71}.Debug|Any CPU.Build.0 = Debug|Any CPU
		{E4AA199C-BE41-47EC-A0CB-6CAD4CE17A71}.Release|Any CPU.ActiveCfg = Release|Any CPU
		{E4AA199C-BE41-47EC-A0CB-6CAD4CE17A71}.Release|Any CPU.Build.0 = Release|Any CPU
		{EF12BA10-CCDE-48DB-A385-15C3B03835A9}.Debug|Any CPU.ActiveCfg = Debug|Any CPU
		{EF12BA10-CCDE-48DB-A385-15C3B03835A9}.Debug|Any CPU.Build.0 = Debug|Any CPU
		{EF12BA10-CCDE-48DB-A385-15C3B03835A9}.Release|Any CPU.ActiveCfg = Release|Any CPU
		{EF12BA10-CCDE-48DB-A385-15C3B03835A9}.Release|Any CPU.Build.0 = Release|Any CPU
		{EC2BD662-F996-4636-85AA-8AAA6CB1D208}.Debug|Any CPU.ActiveCfg = Debug|Any CPU
		{EC2BD662-F996-4636-85AA-8AAA6CB1D208}.Debug|Any CPU.Build.0 = Debug|Any CPU
		{EC2BD662-F996-4636-85AA-8AAA6CB1D208}.Release|Any CPU.ActiveCfg = Release|Any CPU
		{EC2BD662-F996-4636-85AA-8AAA6CB1D208}.Release|Any CPU.Build.0 = Release|Any CPU
		{4C84EDA2-B96E-4427-BEEE-95953D493B44}.Debug|Any CPU.ActiveCfg = Debug|Any CPU
		{4C84EDA2-B96E-4427-BEEE-95953D493B44}.Debug|Any CPU.Build.0 = Debug|Any CPU
		{4C84EDA2-B96E-4427-BEEE-95953D493B44}.Release|Any CPU.ActiveCfg = Release|Any CPU
		{4C84EDA2-B96E-4427-BEEE-95953D493B44}.Release|Any CPU.Build.0 = Release|Any CPU
		{11D72045-2DF3-4A30-96C9-4227FCEF875F}.Debug|Any CPU.ActiveCfg = Debug|Any CPU
		{11D72045-2DF3-4A30-96C9-4227FCEF875F}.Debug|Any CPU.Build.0 = Debug|Any CPU
		{11D72045-2DF3-4A30-96C9-4227FCEF875F}.Release|Any CPU.ActiveCfg = Release|Any CPU
		{11D72045-2DF3-4A30-96C9-4227FCEF875F}.Release|Any CPU.Build.0 = Release|Any CPU
		{3C71C907-36F3-40ED-AC3A-DC0CD9877338}.Debug|Any CPU.ActiveCfg = Debug|Any CPU
		{3C71C907-36F3-40ED-AC3A-DC0CD9877338}.Debug|Any CPU.Build.0 = Debug|Any CPU
		{3C71C907-36F3-40ED-AC3A-DC0CD9877338}.Release|Any CPU.ActiveCfg = Release|Any CPU
		{3C71C907-36F3-40ED-AC3A-DC0CD9877338}.Release|Any CPU.Build.0 = Release|Any CPU
		{96E9BB2D-AEC1-4731-B0E6-61B1505114D2}.Debug|Any CPU.ActiveCfg = Debug|Any CPU
		{96E9BB2D-AEC1-4731-B0E6-61B1505114D2}.Debug|Any CPU.Build.0 = Debug|Any CPU
		{96E9BB2D-AEC1-4731-B0E6-61B1505114D2}.Release|Any CPU.ActiveCfg = Release|Any CPU
		{96E9BB2D-AEC1-4731-B0E6-61B1505114D2}.Release|Any CPU.Build.0 = Release|Any CPU
		{D0F0B27A-FBDF-47F5-89AE-2648A9C999A0}.Debug|Any CPU.ActiveCfg = Debug|Any CPU
		{D0F0B27A-FBDF-47F5-89AE-2648A9C999A0}.Debug|Any CPU.Build.0 = Debug|Any CPU
		{D0F0B27A-FBDF-47F5-89AE-2648A9C999A0}.Release|Any CPU.ActiveCfg = Release|Any CPU
		{D0F0B27A-FBDF-47F5-89AE-2648A9C999A0}.Release|Any CPU.Build.0 = Release|Any CPU
		{2E2E09D9-CA84-49F9-9321-B72165D6C3D2}.Debug|Any CPU.ActiveCfg = Debug|Any CPU
		{2E2E09D9-CA84-49F9-9321-B72165D6C3D2}.Debug|Any CPU.Build.0 = Debug|Any CPU
		{2E2E09D9-CA84-49F9-9321-B72165D6C3D2}.Release|Any CPU.ActiveCfg = Release|Any CPU
		{2E2E09D9-CA84-49F9-9321-B72165D6C3D2}.Release|Any CPU.Build.0 = Release|Any CPU
		{910861D8-F87B-4CAF-BF51-2210AFD4BA57}.Debug|Any CPU.ActiveCfg = Debug|Any CPU
		{910861D8-F87B-4CAF-BF51-2210AFD4BA57}.Debug|Any CPU.Build.0 = Debug|Any CPU
		{910861D8-F87B-4CAF-BF51-2210AFD4BA57}.Release|Any CPU.ActiveCfg = Release|Any CPU
		{910861D8-F87B-4CAF-BF51-2210AFD4BA57}.Release|Any CPU.Build.0 = Release|Any CPU
		{4BB6DEFD-B186-44B0-960C-D33184B0A210}.Debug|Any CPU.ActiveCfg = Debug|Any CPU
		{4BB6DEFD-B186-44B0-960C-D33184B0A210}.Debug|Any CPU.Build.0 = Debug|Any CPU
		{4BB6DEFD-B186-44B0-960C-D33184B0A210}.Release|Any CPU.ActiveCfg = Release|Any CPU
		{4BB6DEFD-B186-44B0-960C-D33184B0A210}.Release|Any CPU.Build.0 = Release|Any CPU
	EndGlobalSection
	GlobalSection(SolutionProperties) = preSolution
		HideSolutionNode = FALSE
	EndGlobalSection
	GlobalSection(ExtensibilityGlobals) = postSolution
		SolutionGuid = {AE076C3C-BC69-468C-9650-A8B50A371717}
	EndGlobalSection
EndGlobal
