
Microsoft Visual Studio Solution File, Format Version 12.00
# Visual Studio Version 17
VisualStudioVersion = 17.11.35222.181
MinimumVisualStudioVersion = 10.0.40219.1
Project("{FAE04EC0-301F-11D3-BF4B-00C04F79EFBC}") = "1", "1\1.csproj", "{1C9FC24D-62CF-495E-824F-1F23C7287BE4}"
EndProject
Project("{FAE04EC0-301F-11D3-BF4B-00C04F79EFBC}") = "2", "2\2.csproj", "{E83AC845-AEE9-4B1A-B295-50588F9A6110}"
EndProject
Project("{FAE04EC0-301F-11D3-BF4B-00C04F79EFBC}") = "3", "3\3.csproj", "{C0C07406-57F3-40C8-8367-C2EB909F7135}"
EndProject
Project("{FAE04EC0-301F-11D3-BF4B-00C04F79EFBC}") = "4", "4\4.csproj", "{3D567753-1D2D-4AEA-8519-7145F00C0E0F}"
EndProject
Project("{FAE04EC0-301F-11D3-BF4B-00C04F79EFBC}") = "5", "5\5.csproj", "{EB5C6F16-9FC5-486B-8BF1-FD7D41307BAE}"
EndProject
Project("{FAE04EC0-301F-11D3-BF4B-00C04F79EFBC}") = "6", "6\6.csproj", "{37D9BE34-97BA-48BA-AFC9-B6274026F2DE}"
EndProject
Project("{FAE04EC0-301F-11D3-BF4B-00C04F79EFBC}") = "7", "7\7.csproj", "{49E41A80-A566-475D-96E6-ED660F9FD08D}"
EndProject
Project("{FAE04EC0-301F-11D3-BF4B-00C04F79EFBC}") = "8", "8\8.csproj", "{7B4DE2F2-DF02-495B-BCBC-2D9BEBEDB421}"
EndProject
Project("{FAE04EC0-301F-11D3-BF4B-00C04F79EFBC}") = "9", "9\9.csproj", "{5E286051-298F-4159-876B-53AAC8711951}"
EndProject
Global
	GlobalSection(SolutionConfigurationPlatforms) = preSolution
		Debug|Any CPU = Debug|Any CPU
		Release|Any CPU = Release|Any CPU
	EndGlobalSection
	GlobalSection(ProjectConfigurationPlatforms) = postSolution
		{1C9FC24D-62CF-495E-824F-1F23C7287BE4}.Debug|Any CPU.ActiveCfg = Debug|Any CPU
		{1C9FC24D-62CF-495E-824F-1F23C7287BE4}.Debug|Any CPU.Build.0 = Debug|Any CPU
		{1C9FC24D-62CF-495E-824F-1F23C7287BE4}.Release|Any CPU.ActiveCfg = Release|Any CPU
		{1C9FC24D-62CF-495E-824F-1F23C7287BE4}.Release|Any CPU.Build.0 = Release|Any CPU
		{E83AC845-AEE9-4B1A-B295-50588F9A6110}.Debug|Any CPU.ActiveCfg = Debug|Any CPU
		{E83AC845-AEE9-4B1A-B295-50588F9A6110}.Debug|Any CPU.Build.0 = Debug|Any CPU
		{E83AC845-AEE9-4B1A-B295-50588F9A6110}.Release|Any CPU.ActiveCfg = Release|Any CPU
		{E83AC845-AEE9-4B1A-B295-50588F9A6110}.Release|Any CPU.Build.0 = Release|Any CPU
		{C0C07406-57F3-40C8-8367-C2EB909F7135}.Debug|Any CPU.ActiveCfg = Debug|Any CPU
		{C0C07406-57F3-40C8-8367-C2EB909F7135}.Debug|Any CPU.Build.0 = Debug|Any CPU
		{C0C07406-57F3-40C8-8367-C2EB909F7135}.Release|Any CPU.ActiveCfg = Release|Any CPU
		{C0C07406-57F3-40C8-8367-C2EB909F7135}.Release|Any CPU.Build.0 = Release|Any CPU
		{3D567753-1D2D-4AEA-8519-7145F00C0E0F}.Debug|Any CPU.ActiveCfg = Debug|Any CPU
		{3D567753-1D2D-4AEA-8519-7145F00C0E0F}.Debug|Any CPU.Build.0 = Debug|Any CPU
		{3D567753-1D2D-4AEA-8519-7145F00C0E0F}.Release|Any CPU.ActiveCfg = Release|Any CPU
		{3D567753-1D2D-4AEA-8519-7145F00C0E0F}.Release|Any CPU.Build.0 = Release|Any CPU
		{EB5C6F16-9FC5-486B-8BF1-FD7D41307BAE}.Debug|Any CPU.ActiveCfg = Debug|Any CPU
		{EB5C6F16-9FC5-486B-8BF1-FD7D41307BAE}.Debug|Any CPU.Build.0 = Debug|Any CPU
		{EB5C6F16-9FC5-486B-8BF1-FD7D41307BAE}.Release|Any CPU.ActiveCfg = Release|Any CPU
		{EB5C6F16-9FC5-486B-8BF1-FD7D41307BAE}.Release|Any CPU.Build.0 = Release|Any CPU
		{37D9BE34-97BA-48BA-AFC9-B6274026F2DE}.Debug|Any CPU.ActiveCfg = Debug|Any CPU
		{37D9BE34-97BA-48BA-AFC9-B6274026F2DE}.Debug|Any CPU.Build.0 = Debug|Any CPU
		{37D9BE34-97BA-48BA-AFC9-B6274026F2DE}.Release|Any CPU.ActiveCfg = Release|Any CPU
		{37D9BE34-97BA-48BA-AFC9-B6274026F2DE}.Release|Any CPU.Build.0 = Release|Any CPU
		{49E41A80-A566-475D-96E6-ED660F9FD08D}.Debug|Any CPU.ActiveCfg = Debug|Any CPU
		{49E41A80-A566-475D-96E6-ED660F9FD08D}.Debug|Any CPU.Build.0 = Debug|Any CPU
		{49E41A80-A566-475D-96E6-ED660F9FD08D}.Release|Any CPU.ActiveCfg = Release|Any CPU
		{49E41A80-A566-475D-96E6-ED660F9FD08D}.Release|Any CPU.Build.0 = Release|Any CPU
		{7B4DE2F2-DF02-495B-BCBC-2D9BEBEDB421}.Debug|Any CPU.ActiveCfg = Debug|Any CPU
		{7B4DE2F2-DF02-495B-BCBC-2D9BEBEDB421}.Debug|Any CPU.Build.0 = Debug|Any CPU
		{7B4DE2F2-DF02-495B-BCBC-2D9BEBEDB421}.Release|Any CPU.ActiveCfg = Release|Any CPU
		{7B4DE2F2-DF02-495B-BCBC-2D9BEBEDB421}.Release|Any CPU.Build.0 = Release|Any CPU
		{5E286051-298F-4159-876B-53AAC8711951}.Debug|Any CPU.ActiveCfg = Debug|Any CPU
		{5E286051-298F-4159-876B-53AAC8711951}.Debug|Any CPU.Build.0 = Debug|Any CPU
		{5E286051-298F-4159-876B-53AAC8711951}.Release|Any CPU.ActiveCfg = Release|Any CPU
		{5E286051-298F-4159-876B-53AAC8711951}.Release|Any CPU.Build.0 = Release|Any CPU
	EndGlobalSection
	GlobalSection(SolutionProperties) = preSolution
		HideSolutionNode = FALSE
	EndGlobalSection
	GlobalSection(ExtensibilityGlobals) = postSolution
		SolutionGuid = {BB024A08-F440-45FC-BBB8-0512AFA31240}
	EndGlobalSection
EndGlobal
