
Microsoft Visual Studio Solution File, Format Version 12.00
# Visual Studio Version 17
VisualStudioVersion = 17.9.34728.123
MinimumVisualStudioVersion = 10.0.40219.1
Project("{9A19103F-16F7-4668-BE54-9A1E7A4F7556}") = "1", "1\1.csproj", "{7FBEAF68-AE7F-42CF-A17B-27E7A8B3F6C8}"
EndProject
Project("{9A19103F-16F7-4668-BE54-9A1E7A4F7556}") = "2", "2\2.csproj", "{ACEAF53C-4606-49B3-9976-08FED2D8D859}"
EndProject
Project("{9A19103F-16F7-4668-BE54-9A1E7A4F7556}") = "3", "3\3.csproj", "{AE43FC8B-B107-4970-8BCE-5E074AC4DB3B}"
EndProject
Project("{9A19103F-16F7-4668-BE54-9A1E7A4F7556}") = "4", "4\4.csproj", "{902768FA-E79A-4E44-ACA5-FA1CF9E6A62E}"
EndProject
Project("{9A19103F-16F7-4668-BE54-9A1E7A4F7556}") = "5", "5\5.csproj", "{0EBA8738-71D1-4030-A12F-53DAD659A49E}"
EndProject
Project("{9A19103F-16F7-4668-BE54-9A1E7A4F7556}") = "6", "6\6.csproj", "{6A57BC34-911A-4ACC-9715-8556382FC23D}"
EndProject
Project("{9A19103F-16F7-4668-BE54-9A1E7A4F7556}") = "7Index", "7\7Index.csproj", "{61B4132E-5B81-4356-BB54-88E922207871}"
EndProject
Project("{9A19103F-16F7-4668-BE54-9A1E7A4F7556}") = "7SubString", "7SubString\7SubString.csproj", "{C68D6FCD-C40B-437A-9320-C24FE3623713}"
EndProject
Project("{9A19103F-16F7-4668-BE54-9A1E7A4F7556}") = "8", "8\8.csproj", "{1002472A-ECA6-46E0-AFA1-1BCE2706A54D}"
EndProject
Project("{9A19103F-16F7-4668-BE54-9A1E7A4F7556}") = "9", "9\9.csproj", "{E760830A-5533-4046-A042-ADBCAB63DDF8}"
EndProject
Project("{9A19103F-16F7-4668-BE54-9A1E7A4F7556}") = "10", "10\10.csproj", "{5A54F4A6-D13C-4012-BCF4-4DA220F38921}"
EndProject
Project("{FAE04EC0-301F-11D3-BF4B-00C04F79EFBC}") = "11", "11\11.csproj", "{D081CD33-CDBB-4E1A-81DF-4B452FF85563}"
EndProject
Project("{FAE04EC0-301F-11D3-BF4B-00C04F79EFBC}") = "12", "12\12.csproj", "{5DC0F689-CC63-4B82-B1C6-9CD7BF002FBC}"
EndProject
Project("{FAE04EC0-301F-11D3-BF4B-00C04F79EFBC}") = "13", "13\13.csproj", "{F2AECC9B-ABDE-4536-A153-1B050409E37B}"
EndProject
Project("{FAE04EC0-301F-11D3-BF4B-00C04F79EFBC}") = "14", "14\14.csproj", "{F42E3316-8CA4-4DDF-AD39-24FB7C88101A}"
EndProject
Project("{FAE04EC0-301F-11D3-BF4B-00C04F79EFBC}") = "15", "15\15.csproj", "{0D7A43BE-FCE3-4203-9B2F-15A8390745E5}"
EndProject
Project("{FAE04EC0-301F-11D3-BF4B-00C04F79EFBC}") = "Labb1 test", "Labb1 test\Labb1 test.csproj", "{AA6D083E-F8C8-4F6A-BB38-39E87BA75D26}"
EndProject
Global
	GlobalSection(SolutionConfigurationPlatforms) = preSolution
		Debug|Any CPU = Debug|Any CPU
		Release|Any CPU = Release|Any CPU
	EndGlobalSection
	GlobalSection(ProjectConfigurationPlatforms) = postSolution
		{7FBEAF68-AE7F-42CF-A17B-27E7A8B3F6C8}.Debug|Any CPU.ActiveCfg = Debug|Any CPU
		{7FBEAF68-AE7F-42CF-A17B-27E7A8B3F6C8}.Debug|Any CPU.Build.0 = Debug|Any CPU
		{7FBEAF68-AE7F-42CF-A17B-27E7A8B3F6C8}.Release|Any CPU.ActiveCfg = Release|Any CPU
		{7FBEAF68-AE7F-42CF-A17B-27E7A8B3F6C8}.Release|Any CPU.Build.0 = Release|Any CPU
		{ACEAF53C-4606-49B3-9976-08FED2D8D859}.Debug|Any CPU.ActiveCfg = Debug|Any CPU
		{ACEAF53C-4606-49B3-9976-08FED2D8D859}.Debug|Any CPU.Build.0 = Debug|Any CPU
		{ACEAF53C-4606-49B3-9976-08FED2D8D859}.Release|Any CPU.ActiveCfg = Release|Any CPU
		{ACEAF53C-4606-49B3-9976-08FED2D8D859}.Release|Any CPU.Build.0 = Release|Any CPU
		{AE43FC8B-B107-4970-8BCE-5E074AC4DB3B}.Debug|Any CPU.ActiveCfg = Debug|Any CPU
		{AE43FC8B-B107-4970-8BCE-5E074AC4DB3B}.Debug|Any CPU.Build.0 = Debug|Any CPU
		{AE43FC8B-B107-4970-8BCE-5E074AC4DB3B}.Release|Any CPU.ActiveCfg = Release|Any CPU
		{AE43FC8B-B107-4970-8BCE-5E074AC4DB3B}.Release|Any CPU.Build.0 = Release|Any CPU
		{902768FA-E79A-4E44-ACA5-FA1CF9E6A62E}.Debug|Any CPU.ActiveCfg = Debug|Any CPU
		{902768FA-E79A-4E44-ACA5-FA1CF9E6A62E}.Debug|Any CPU.Build.0 = Debug|Any CPU
		{902768FA-E79A-4E44-ACA5-FA1CF9E6A62E}.Release|Any CPU.ActiveCfg = Release|Any CPU
		{902768FA-E79A-4E44-ACA5-FA1CF9E6A62E}.Release|Any CPU.Build.0 = Release|Any CPU
		{0EBA8738-71D1-4030-A12F-53DAD659A49E}.Debug|Any CPU.ActiveCfg = Debug|Any CPU
		{0EBA8738-71D1-4030-A12F-53DAD659A49E}.Debug|Any CPU.Build.0 = Debug|Any CPU
		{0EBA8738-71D1-4030-A12F-53DAD659A49E}.Release|Any CPU.ActiveCfg = Release|Any CPU
		{0EBA8738-71D1-4030-A12F-53DAD659A49E}.Release|Any CPU.Build.0 = Release|Any CPU
		{6A57BC34-911A-4ACC-9715-8556382FC23D}.Debug|Any CPU.ActiveCfg = Debug|Any CPU
		{6A57BC34-911A-4ACC-9715-8556382FC23D}.Debug|Any CPU.Build.0 = Debug|Any CPU
		{6A57BC34-911A-4ACC-9715-8556382FC23D}.Release|Any CPU.ActiveCfg = Release|Any CPU
		{6A57BC34-911A-4ACC-9715-8556382FC23D}.Release|Any CPU.Build.0 = Release|Any CPU
		{61B4132E-5B81-4356-BB54-88E922207871}.Debug|Any CPU.ActiveCfg = Debug|Any CPU
		{61B4132E-5B81-4356-BB54-88E922207871}.Debug|Any CPU.Build.0 = Debug|Any CPU
		{61B4132E-5B81-4356-BB54-88E922207871}.Release|Any CPU.ActiveCfg = Release|Any CPU
		{61B4132E-5B81-4356-BB54-88E922207871}.Release|Any CPU.Build.0 = Release|Any CPU
		{C68D6FCD-C40B-437A-9320-C24FE3623713}.Debug|Any CPU.ActiveCfg = Debug|Any CPU
		{C68D6FCD-C40B-437A-9320-C24FE3623713}.Debug|Any CPU.Build.0 = Debug|Any CPU
		{C68D6FCD-C40B-437A-9320-C24FE3623713}.Release|Any CPU.ActiveCfg = Release|Any CPU
		{C68D6FCD-C40B-437A-9320-C24FE3623713}.Release|Any CPU.Build.0 = Release|Any CPU
		{1002472A-ECA6-46E0-AFA1-1BCE2706A54D}.Debug|Any CPU.ActiveCfg = Debug|Any CPU
		{1002472A-ECA6-46E0-AFA1-1BCE2706A54D}.Debug|Any CPU.Build.0 = Debug|Any CPU
		{1002472A-ECA6-46E0-AFA1-1BCE2706A54D}.Release|Any CPU.ActiveCfg = Release|Any CPU
		{1002472A-ECA6-46E0-AFA1-1BCE2706A54D}.Release|Any CPU.Build.0 = Release|Any CPU
		{E760830A-5533-4046-A042-ADBCAB63DDF8}.Debug|Any CPU.ActiveCfg = Debug|Any CPU
		{E760830A-5533-4046-A042-ADBCAB63DDF8}.Debug|Any CPU.Build.0 = Debug|Any CPU
		{E760830A-5533-4046-A042-ADBCAB63DDF8}.Release|Any CPU.ActiveCfg = Release|Any CPU
		{E760830A-5533-4046-A042-ADBCAB63DDF8}.Release|Any CPU.Build.0 = Release|Any CPU
		{5A54F4A6-D13C-4012-BCF4-4DA220F38921}.Debug|Any CPU.ActiveCfg = Debug|Any CPU
		{5A54F4A6-D13C-4012-BCF4-4DA220F38921}.Debug|Any CPU.Build.0 = Debug|Any CPU
		{5A54F4A6-D13C-4012-BCF4-4DA220F38921}.Release|Any CPU.ActiveCfg = Release|Any CPU
		{5A54F4A6-D13C-4012-BCF4-4DA220F38921}.Release|Any CPU.Build.0 = Release|Any CPU
		{D081CD33-CDBB-4E1A-81DF-4B452FF85563}.Debug|Any CPU.ActiveCfg = Debug|Any CPU
		{D081CD33-CDBB-4E1A-81DF-4B452FF85563}.Debug|Any CPU.Build.0 = Debug|Any CPU
		{D081CD33-CDBB-4E1A-81DF-4B452FF85563}.Release|Any CPU.ActiveCfg = Release|Any CPU
		{D081CD33-CDBB-4E1A-81DF-4B452FF85563}.Release|Any CPU.Build.0 = Release|Any CPU
		{5DC0F689-CC63-4B82-B1C6-9CD7BF002FBC}.Debug|Any CPU.ActiveCfg = Debug|Any CPU
		{5DC0F689-CC63-4B82-B1C6-9CD7BF002FBC}.Debug|Any CPU.Build.0 = Debug|Any CPU
		{5DC0F689-CC63-4B82-B1C6-9CD7BF002FBC}.Release|Any CPU.ActiveCfg = Release|Any CPU
		{5DC0F689-CC63-4B82-B1C6-9CD7BF002FBC}.Release|Any CPU.Build.0 = Release|Any CPU
		{F2AECC9B-ABDE-4536-A153-1B050409E37B}.Debug|Any CPU.ActiveCfg = Debug|Any CPU
		{F2AECC9B-ABDE-4536-A153-1B050409E37B}.Debug|Any CPU.Build.0 = Debug|Any CPU
		{F2AECC9B-ABDE-4536-A153-1B050409E37B}.Release|Any CPU.ActiveCfg = Release|Any CPU
		{F2AECC9B-ABDE-4536-A153-1B050409E37B}.Release|Any CPU.Build.0 = Release|Any CPU
		{F42E3316-8CA4-4DDF-AD39-24FB7C88101A}.Debug|Any CPU.ActiveCfg = Debug|Any CPU
		{F42E3316-8CA4-4DDF-AD39-24FB7C88101A}.Debug|Any CPU.Build.0 = Debug|Any CPU
		{F42E3316-8CA4-4DDF-AD39-24FB7C88101A}.Release|Any CPU.ActiveCfg = Release|Any CPU
		{F42E3316-8CA4-4DDF-AD39-24FB7C88101A}.Release|Any CPU.Build.0 = Release|Any CPU
		{0D7A43BE-FCE3-4203-9B2F-15A8390745E5}.Debug|Any CPU.ActiveCfg = Debug|Any CPU
		{0D7A43BE-FCE3-4203-9B2F-15A8390745E5}.Debug|Any CPU.Build.0 = Debug|Any CPU
		{0D7A43BE-FCE3-4203-9B2F-15A8390745E5}.Release|Any CPU.ActiveCfg = Release|Any CPU
		{0D7A43BE-FCE3-4203-9B2F-15A8390745E5}.Release|Any CPU.Build.0 = Release|Any CPU
		{AA6D083E-F8C8-4F6A-BB38-39E87BA75D26}.Debug|Any CPU.ActiveCfg = Debug|Any CPU
		{AA6D083E-F8C8-4F6A-BB38-39E87BA75D26}.Debug|Any CPU.Build.0 = Debug|Any CPU
		{AA6D083E-F8C8-4F6A-BB38-39E87BA75D26}.Release|Any CPU.ActiveCfg = Release|Any CPU
		{AA6D083E-F8C8-4F6A-BB38-39E87BA75D26}.Release|Any CPU.Build.0 = Release|Any CPU
	EndGlobalSection
	GlobalSection(SolutionProperties) = preSolution
		HideSolutionNode = FALSE
	EndGlobalSection
	GlobalSection(ExtensibilityGlobals) = postSolution
		SolutionGuid = {B73CF4B2-68C2-474B-8255-E93903DB8E5A}
	EndGlobalSection
EndGlobal
