
Microsoft Visual Studio Solution File, Format Version 12.00
# Visual Studio Version 17
VisualStudioVersion = 17.11.35222.181
MinimumVisualStudioVersion = 10.0.40219.1
Project("{9A19103F-16F7-4668-BE54-9A1E7A4F7556}") = "1", "1\1.csproj", "{20D98385-566A-4137-A2A6-E360116F5D1F}"
EndProject
Project("{9A19103F-16F7-4668-BE54-9A1E7A4F7556}") = "2", "2\2.csproj", "{1FEE79A2-EF0C-498A-A775-C5A5EA4A08ED}"
EndProject
Project("{9A19103F-16F7-4668-BE54-9A1E7A4F7556}") = "3", "3\3.csproj", "{CB3381AA-2217-44D4-8799-8379108656D1}"
EndProject
Project("{9A19103F-16F7-4668-BE54-9A1E7A4F7556}") = "4", "4\4.csproj", "{72100488-72AD-4A5B-8BC2-16A3B78B3B06}"
EndProject
Project("{9A19103F-16F7-4668-BE54-9A1E7A4F7556}") = "5", "5\5.csproj", "{12003EC4-19D4-4671-8D36-79C59365B4A7}"
EndProject
Project("{9A19103F-16F7-4668-BE54-9A1E7A4F7556}") = "6", "6\6.csproj", "{FB94269E-9EC5-42D3-A676-8AAC3FDA07D4}"
EndProject
Project("{9A19103F-16F7-4668-BE54-9A1E7A4F7556}") = "7", "7\7.csproj", "{5CB3D75B-5710-4B91-A360-85F7114033EB}"
EndProject
Project("{9A19103F-16F7-4668-BE54-9A1E7A4F7556}") = "8", "8\8.csproj", "{16BA11AF-B6DA-4B63-AE06-997E171C8FF9}"
EndProject
Project("{9A19103F-16F7-4668-BE54-9A1E7A4F7556}") = "9", "9\9.csproj", "{904654BC-5345-4D8B-AA6E-393FACDBE7A1}"
EndProject
Project("{9A19103F-16F7-4668-BE54-9A1E7A4F7556}") = "10", "10\10.csproj", "{6897E2ED-CD51-44F9-89A6-B2DBB3B0A177}"
EndProject
Project("{9A19103F-16F7-4668-BE54-9A1E7A4F7556}") = "11", "11\11.csproj", "{C171562F-7ABC-43EE-A42B-4F734779AA98}"
EndProject
Project("{9A19103F-16F7-4668-BE54-9A1E7A4F7556}") = "12", "12\12.csproj", "{0B19A7EE-3F45-45B2-8111-3053F18B05F5}"
EndProject
Project("{9A19103F-16F7-4668-BE54-9A1E7A4F7556}") = "13", "13\13.csproj", "{D114F482-3966-47DB-8898-407EF6D4B32C}"
EndProject
Project("{FAE04EC0-301F-11D3-BF4B-00C04F79EFBC}") = "14", "14\14.csproj", "{1438F2B6-A9A3-42B9-A2AF-ECC9FC1D9F3E}"
EndProject
Project("{FAE04EC0-301F-11D3-BF4B-00C04F79EFBC}") = "14.2", "14.2\14.2.csproj", "{0CDE9A29-F3CD-4F5A-83B9-E3CE12696A0E}"
EndProject
Project("{FAE04EC0-301F-11D3-BF4B-00C04F79EFBC}") = "15", "15\15.csproj", "{50AB104C-4EE1-472D-BE7D-58CE46A7FB0C}"
EndProject
Global
	GlobalSection(SolutionConfigurationPlatforms) = preSolution
		Debug|Any CPU = Debug|Any CPU
		Release|Any CPU = Release|Any CPU
	EndGlobalSection
	GlobalSection(ProjectConfigurationPlatforms) = postSolution
		{20D98385-566A-4137-A2A6-E360116F5D1F}.Debug|Any CPU.ActiveCfg = Debug|Any CPU
		{20D98385-566A-4137-A2A6-E360116F5D1F}.Debug|Any CPU.Build.0 = Debug|Any CPU
		{20D98385-566A-4137-A2A6-E360116F5D1F}.Release|Any CPU.ActiveCfg = Release|Any CPU
		{20D98385-566A-4137-A2A6-E360116F5D1F}.Release|Any CPU.Build.0 = Release|Any CPU
		{1FEE79A2-EF0C-498A-A775-C5A5EA4A08ED}.Debug|Any CPU.ActiveCfg = Debug|Any CPU
		{1FEE79A2-EF0C-498A-A775-C5A5EA4A08ED}.Debug|Any CPU.Build.0 = Debug|Any CPU
		{1FEE79A2-EF0C-498A-A775-C5A5EA4A08ED}.Release|Any CPU.ActiveCfg = Release|Any CPU
		{1FEE79A2-EF0C-498A-A775-C5A5EA4A08ED}.Release|Any CPU.Build.0 = Release|Any CPU
		{CB3381AA-2217-44D4-8799-8379108656D1}.Debug|Any CPU.ActiveCfg = Debug|Any CPU
		{CB3381AA-2217-44D4-8799-8379108656D1}.Debug|Any CPU.Build.0 = Debug|Any CPU
		{CB3381AA-2217-44D4-8799-8379108656D1}.Release|Any CPU.ActiveCfg = Release|Any CPU
		{CB3381AA-2217-44D4-8799-8379108656D1}.Release|Any CPU.Build.0 = Release|Any CPU
		{72100488-72AD-4A5B-8BC2-16A3B78B3B06}.Debug|Any CPU.ActiveCfg = Debug|Any CPU
		{72100488-72AD-4A5B-8BC2-16A3B78B3B06}.Debug|Any CPU.Build.0 = Debug|Any CPU
		{72100488-72AD-4A5B-8BC2-16A3B78B3B06}.Release|Any CPU.ActiveCfg = Release|Any CPU
		{72100488-72AD-4A5B-8BC2-16A3B78B3B06}.Release|Any CPU.Build.0 = Release|Any CPU
		{12003EC4-19D4-4671-8D36-79C59365B4A7}.Debug|Any CPU.ActiveCfg = Debug|Any CPU
		{12003EC4-19D4-4671-8D36-79C59365B4A7}.Debug|Any CPU.Build.0 = Debug|Any CPU
		{12003EC4-19D4-4671-8D36-79C59365B4A7}.Release|Any CPU.ActiveCfg = Release|Any CPU
		{12003EC4-19D4-4671-8D36-79C59365B4A7}.Release|Any CPU.Build.0 = Release|Any CPU
		{FB94269E-9EC5-42D3-A676-8AAC3FDA07D4}.Debug|Any CPU.ActiveCfg = Debug|Any CPU
		{FB94269E-9EC5-42D3-A676-8AAC3FDA07D4}.Debug|Any CPU.Build.0 = Debug|Any CPU
		{FB94269E-9EC5-42D3-A676-8AAC3FDA07D4}.Release|Any CPU.ActiveCfg = Release|Any CPU
		{FB94269E-9EC5-42D3-A676-8AAC3FDA07D4}.Release|Any CPU.Build.0 = Release|Any CPU
		{5CB3D75B-5710-4B91-A360-85F7114033EB}.Debug|Any CPU.ActiveCfg = Debug|Any CPU
		{5CB3D75B-5710-4B91-A360-85F7114033EB}.Debug|Any CPU.Build.0 = Debug|Any CPU
		{5CB3D75B-5710-4B91-A360-85F7114033EB}.Release|Any CPU.ActiveCfg = Release|Any CPU
		{5CB3D75B-5710-4B91-A360-85F7114033EB}.Release|Any CPU.Build.0 = Release|Any CPU
		{16BA11AF-B6DA-4B63-AE06-997E171C8FF9}.Debug|Any CPU.ActiveCfg = Debug|Any CPU
		{16BA11AF-B6DA-4B63-AE06-997E171C8FF9}.Debug|Any CPU.Build.0 = Debug|Any CPU
		{16BA11AF-B6DA-4B63-AE06-997E171C8FF9}.Release|Any CPU.ActiveCfg = Release|Any CPU
		{16BA11AF-B6DA-4B63-AE06-997E171C8FF9}.Release|Any CPU.Build.0 = Release|Any CPU
		{904654BC-5345-4D8B-AA6E-393FACDBE7A1}.Debug|Any CPU.ActiveCfg = Debug|Any CPU
		{904654BC-5345-4D8B-AA6E-393FACDBE7A1}.Debug|Any CPU.Build.0 = Debug|Any CPU
		{904654BC-5345-4D8B-AA6E-393FACDBE7A1}.Release|Any CPU.ActiveCfg = Release|Any CPU
		{904654BC-5345-4D8B-AA6E-393FACDBE7A1}.Release|Any CPU.Build.0 = Release|Any CPU
		{6897E2ED-CD51-44F9-89A6-B2DBB3B0A177}.Debug|Any CPU.ActiveCfg = Debug|Any CPU
		{6897E2ED-CD51-44F9-89A6-B2DBB3B0A177}.Debug|Any CPU.Build.0 = Debug|Any CPU
		{6897E2ED-CD51-44F9-89A6-B2DBB3B0A177}.Release|Any CPU.ActiveCfg = Release|Any CPU
		{6897E2ED-CD51-44F9-89A6-B2DBB3B0A177}.Release|Any CPU.Build.0 = Release|Any CPU
		{C171562F-7ABC-43EE-A42B-4F734779AA98}.Debug|Any CPU.ActiveCfg = Debug|Any CPU
		{C171562F-7ABC-43EE-A42B-4F734779AA98}.Debug|Any CPU.Build.0 = Debug|Any CPU
		{C171562F-7ABC-43EE-A42B-4F734779AA98}.Release|Any CPU.ActiveCfg = Release|Any CPU
		{C171562F-7ABC-43EE-A42B-4F734779AA98}.Release|Any CPU.Build.0 = Release|Any CPU
		{0B19A7EE-3F45-45B2-8111-3053F18B05F5}.Debug|Any CPU.ActiveCfg = Debug|Any CPU
		{0B19A7EE-3F45-45B2-8111-3053F18B05F5}.Debug|Any CPU.Build.0 = Debug|Any CPU
		{0B19A7EE-3F45-45B2-8111-3053F18B05F5}.Release|Any CPU.ActiveCfg = Release|Any CPU
		{0B19A7EE-3F45-45B2-8111-3053F18B05F5}.Release|Any CPU.Build.0 = Release|Any CPU
		{D114F482-3966-47DB-8898-407EF6D4B32C}.Debug|Any CPU.ActiveCfg = Debug|Any CPU
		{D114F482-3966-47DB-8898-407EF6D4B32C}.Debug|Any CPU.Build.0 = Debug|Any CPU
		{D114F482-3966-47DB-8898-407EF6D4B32C}.Release|Any CPU.ActiveCfg = Release|Any CPU
		{D114F482-3966-47DB-8898-407EF6D4B32C}.Release|Any CPU.Build.0 = Release|Any CPU
		{1438F2B6-A9A3-42B9-A2AF-ECC9FC1D9F3E}.Debug|Any CPU.ActiveCfg = Debug|Any CPU
		{1438F2B6-A9A3-42B9-A2AF-ECC9FC1D9F3E}.Debug|Any CPU.Build.0 = Debug|Any CPU
		{1438F2B6-A9A3-42B9-A2AF-ECC9FC1D9F3E}.Release|Any CPU.ActiveCfg = Release|Any CPU
		{1438F2B6-A9A3-42B9-A2AF-ECC9FC1D9F3E}.Release|Any CPU.Build.0 = Release|Any CPU
		{0CDE9A29-F3CD-4F5A-83B9-E3CE12696A0E}.Debug|Any CPU.ActiveCfg = Debug|Any CPU
		{0CDE9A29-F3CD-4F5A-83B9-E3CE12696A0E}.Debug|Any CPU.Build.0 = Debug|Any CPU
		{0CDE9A29-F3CD-4F5A-83B9-E3CE12696A0E}.Release|Any CPU.ActiveCfg = Release|Any CPU
		{0CDE9A29-F3CD-4F5A-83B9-E3CE12696A0E}.Release|Any CPU.Build.0 = Release|Any CPU
		{50AB104C-4EE1-472D-BE7D-58CE46A7FB0C}.Debug|Any CPU.ActiveCfg = Debug|Any CPU
		{50AB104C-4EE1-472D-BE7D-58CE46A7FB0C}.Debug|Any CPU.Build.0 = Debug|Any CPU
		{50AB104C-4EE1-472D-BE7D-58CE46A7FB0C}.Release|Any CPU.ActiveCfg = Release|Any CPU
		{50AB104C-4EE1-472D-BE7D-58CE46A7FB0C}.Release|Any CPU.Build.0 = Release|Any CPU
	EndGlobalSection
	GlobalSection(SolutionProperties) = preSolution
		HideSolutionNode = FALSE
	EndGlobalSection
	GlobalSection(ExtensibilityGlobals) = postSolution
		SolutionGuid = {03D9939F-3560-4C8B-9A99-C7966B91CDAA}
	EndGlobalSection
EndGlobal
