
Microsoft Visual Studio Solution File, Format Version 12.00
# Visual Studio Version 17
VisualStudioVersion = 17.9.34728.123
MinimumVisualStudioVersion = 10.0.40219.1
Project("{FAE04EC0-301F-11D3-BF4B-00C04F79EFBC}") = "1", "1\1.csproj", "{7B0A88F2-2099-4622-A404-581D0AE95EA2}"
EndProject
Project("{FAE04EC0-301F-11D3-BF4B-00C04F79EFBC}") = "2&3", "2\2&3.csproj", "{B268B00E-26EF-4FFF-ABB7-91AF9BB9D91A}"
EndProject
Project("{FAE04EC0-301F-11D3-BF4B-00C04F79EFBC}") = "4", "4\4.csproj", "{69322576-EC83-4CDF-960B-BBD136238F1D}"
EndProject
Project("{FAE04EC0-301F-11D3-BF4B-00C04F79EFBC}") = "5", "5\5.csproj", "{39B83E0F-ACE7-4A48-875F-5869BE5168C6}"
EndProject
Project("{FAE04EC0-301F-11D3-BF4B-00C04F79EFBC}") = "6&7&8&9", "6\6&7&8&9.csproj", "{7558375E-7941-40A8-93D6-BBFC624F77A9}"
EndProject
Global
	GlobalSection(SolutionConfigurationPlatforms) = preSolution
		Debug|Any CPU = Debug|Any CPU
		Release|Any CPU = Release|Any CPU
	EndGlobalSection
	GlobalSection(ProjectConfigurationPlatforms) = postSolution
		{7B0A88F2-2099-4622-A404-581D0AE95EA2}.Debug|Any CPU.ActiveCfg = Debug|Any CPU
		{7B0A88F2-2099-4622-A404-581D0AE95EA2}.Debug|Any CPU.Build.0 = Debug|Any CPU
		{7B0A88F2-2099-4622-A404-581D0AE95EA2}.Release|Any CPU.ActiveCfg = Release|Any CPU
		{7B0A88F2-2099-4622-A404-581D0AE95EA2}.Release|Any CPU.Build.0 = Release|Any CPU
		{B268B00E-26EF-4FFF-ABB7-91AF9BB9D91A}.Debug|Any CPU.ActiveCfg = Debug|Any CPU
		{B268B00E-26EF-4FFF-ABB7-91AF9BB9D91A}.Debug|Any CPU.Build.0 = Debug|Any CPU
		{B268B00E-26EF-4FFF-ABB7-91AF9BB9D91A}.Release|Any CPU.ActiveCfg = Release|Any CPU
		{B268B00E-26EF-4FFF-ABB7-91AF9BB9D91A}.Release|Any CPU.Build.0 = Release|Any CPU
		{69322576-EC83-4CDF-960B-BBD136238F1D}.Debug|Any CPU.ActiveCfg = Debug|Any CPU
		{69322576-EC83-4CDF-960B-BBD136238F1D}.Debug|Any CPU.Build.0 = Debug|Any CPU
		{69322576-EC83-4CDF-960B-BBD136238F1D}.Release|Any CPU.ActiveCfg = Release|Any CPU
		{69322576-EC83-4CDF-960B-BBD136238F1D}.Release|Any CPU.Build.0 = Release|Any CPU
		{39B83E0F-ACE7-4A48-875F-5869BE5168C6}.Debug|Any CPU.ActiveCfg = Debug|Any CPU
		{39B83E0F-ACE7-4A48-875F-5869BE5168C6}.Debug|Any CPU.Build.0 = Debug|Any CPU
		{39B83E0F-ACE7-4A48-875F-5869BE5168C6}.Release|Any CPU.ActiveCfg = Release|Any CPU
		{39B83E0F-ACE7-4A48-875F-5869BE5168C6}.Release|Any CPU.Build.0 = Release|Any CPU
		{7558375E-7941-40A8-93D6-BBFC624F77A9}.Debug|Any CPU.ActiveCfg = Debug|Any CPU
		{7558375E-7941-40A8-93D6-BBFC624F77A9}.Debug|Any CPU.Build.0 = Debug|Any CPU
		{7558375E-7941-40A8-93D6-BBFC624F77A9}.Release|Any CPU.ActiveCfg = Release|Any CPU
		{7558375E-7941-40A8-93D6-BBFC624F77A9}.Release|Any CPU.Build.0 = Release|Any CPU
	EndGlobalSection
	GlobalSection(SolutionProperties) = preSolution
		HideSolutionNode = FALSE
	EndGlobalSection
	GlobalSection(ExtensibilityGlobals) = postSolution
		SolutionGuid = {A9CD19EA-E4D6-412D-988A-2E15A550405E}
	EndGlobalSection
EndGlobal
