
Microsoft Visual Studio Solution File, Format Version 12.00
# Visual Studio Version 17
VisualStudioVersion = 17.11.35222.181
MinimumVisualStudioVersion = 10.0.40219.1
Project("{9A19103F-16F7-4668-BE54-9A1E7A4F7556}") = "L002_IFstatement", "Loop Ternary\L002_IFstatement.csproj", "{3237B15A-3469-44EB-B47B-991F1CE85E37}"
EndProject
Project("{9A19103F-16F7-4668-BE54-9A1E7A4F7556}") = "L003_Iterations", "Iterations\L003_Iterations.csproj", "{C7BFD980-D99B-49E9-B2AB-81206B2F9EAE}"
EndProject
Project("{9A19103F-16F7-4668-BE54-9A1E7A4F7556}") = "L004_ArraysNfelsökning", "ArraysNfelsökning\L004_ArraysNfelsökning.csproj", "{128CDBBB-4D01-4BDB-B183-52F544B5A363}"
EndProject
Project("{9A19103F-16F7-4668-BE54-9A1E7A4F7556}") = "L005Array", "L005Array\L005Array.csproj", "{585D9D35-2CF8-490D-AF23-196B727D6349}"
EndProject
Project("{9A19103F-16F7-4668-BE54-9A1E7A4F7556}") = "L006_strings", "L006_strings\L006_strings.csproj", "{2987083A-6503-4F98-A336-0E4F01FAEFBA}"
EndProject
Project("{9A19103F-16F7-4668-BE54-9A1E7A4F7556}") = "L007_Funktioner", "L007_Funktioner\L007_Funktioner.csproj", "{35F049BE-1F24-4DD8-89C9-347A45109954}"
EndProject
Project("{9A19103F-16F7-4668-BE54-9A1E7A4F7556}") = "L008_Rekursiva_anrop", "L008_Rekursiva_anrop\L008_Rekursiva_anrop.csproj", "{76B5321F-C7E3-4F14-BF18-4372C5A1397B}"
EndProject
Project("{9A19103F-16F7-4668-BE54-9A1E7A4F7556}") = "L009_String_and_Char", "L009_String_and_Char\L009_String_and_Char.csproj", "{85581D87-818C-49D3-91BC-36F85FCE4FE1}"
EndProject
Project("{9A19103F-16F7-4668-BE54-9A1E7A4F7556}") = "L010_Math_and_Random", "L010_Math_and_Random\L010_Math_and_Random.csproj", "{E593699A-1B38-4260-AB2E-999D80F10A07}"
EndProject
Project("{9A19103F-16F7-4668-BE54-9A1E7A4F7556}") = "L011_DateTime_and_Timespan", "L011_DateTime_and_Timespan\L011_DateTime_and_Timespan.csproj", "{F42F1E8F-CCEC-421C-92BC-2F032E53ACAA}"
EndProject
Project("{9A19103F-16F7-4668-BE54-9A1E7A4F7556}") = "L012_Exceptions", "L012_Exceptions\L012_Exceptions.csproj", "{4D7A5595-1AEE-4412-B3E5-20BE2D9E89A4}"
EndProject
Project("{9A19103F-16F7-4668-BE54-9A1E7A4F7556}") = "L013_Unicode", "L013_Unicode\L013_Unicode.csproj", "{54210ECC-222E-4A83-B864-C76FDCDE16AF}"
EndProject
Project("{9A19103F-16F7-4668-BE54-9A1E7A4F7556}") = "L014_Path_and_Directory", "L014_Path\L014_Path_and_Directory.csproj", "{AF4FEA3C-09F3-4587-9BEE-434A9C1318E3}"
EndProject
Project("{9A19103F-16F7-4668-BE54-9A1E7A4F7556}") = "L015_StreamWriter_and_StreamReader", "L015_StreamWriter_and_StreamReader\L015_StreamWriter_and_StreamReader.csproj", "{68E79ABE-931A-4830-87F9-EF4A97013EBB}"
EndProject
Project("{9A19103F-16F7-4668-BE54-9A1E7A4F7556}") = "L016_FileStream", "L016_FileStream\L016_FileStream.csproj", "{DE2FA515-B3C6-40D4-8A1C-83BEDAD23810}"
EndProject
Project("{9A19103F-16F7-4668-BE54-9A1E7A4F7556}") = "L017_OOP", "L017_OOP\L017_OOP.csproj", "{842F8880-269C-4B48-9002-177BAF34A7F1}"
EndProject
Project("{9A19103F-16F7-4668-BE54-9A1E7A4F7556}") = "L018_Static_classes_and_members", "L018_Static_classes_and_members\L018_Static_classes_and_members.csproj", "{F2162078-378C-403C-B575-25140079E02C}"
EndProject
Project("{9A19103F-16F7-4668-BE54-9A1E7A4F7556}") = "L019_Main_method_entry_point", "L019_Main_method_entry_point\L019_Main_method_entry_point.csproj", "{24CCA455-ABFF-48AB-9743-7284805AB67B}"
EndProject
Project("{9A19103F-16F7-4668-BE54-9A1E7A4F7556}") = "L020_Namespace_and_using", "L020_Namespace_and_using\L020_Namespace_and_using.csproj", "{F7C0C305-C475-4408-9EB1-5B4ECD6BB1CA}"
EndProject
Project("{9A19103F-16F7-4668-BE54-9A1E7A4F7556}") = "L021_Constructor", "L021_Constructor\L021_Constructor.csproj", "{CD289C96-A842-4FCD-8AE4-FD408EBCC6A6}"
EndProject
Project("{9A19103F-16F7-4668-BE54-9A1E7A4F7556}") = "L022_Properties", "L022_Properties\L022_Properties.csproj", "{8DD74E2D-B15C-4666-994D-9C7557871FFB}"
EndProject
Project("{9A19103F-16F7-4668-BE54-9A1E7A4F7556}") = "L023_Pass_by_Value_vs_Pass_by_reference", "L023_Pass_by_Value_vs_Pass_by_reference\L023_Pass_by_Value_vs_Pass_by_reference.csproj", "{4E3569BD-80F8-46E5-B7AE-40BA8377ACCE}"
EndProject
Project("{9A19103F-16F7-4668-BE54-9A1E7A4F7556}") = "L024_Struct_och_enum", "L024_Struct_och_enum\L024_Struct_och_enum.csproj", "{C5F27030-EA23-41A9-B207-14647ED1D492}"
EndProject
Project("{9A19103F-16F7-4668-BE54-9A1E7A4F7556}") = "L025_Inheritance", "L025_Inheritance\L025_Inheritance.csproj", "{DE05251D-6C17-48AE-8155-6488574D9EC4}"
EndProject
Project("{9A19103F-16F7-4668-BE54-9A1E7A4F7556}") = "L026_Constructor_Chaining", "L026_Constructor_Chaining\L026_Constructor_Chaining.csproj", "{817E0C19-6AE3-4C9F-99CD-9ED351BAAD82}"
EndProject
Project("{9A19103F-16F7-4668-BE54-9A1E7A4F7556}") = "L027_Generics", "L027_Generics\L027_Generics.csproj", "{D4847507-6076-40A0-8812-CB5E6BF161B3}"
EndProject
Project("{9A19103F-16F7-4668-BE54-9A1E7A4F7556}") = "L028_List", "L028_List\L028_List.csproj", "{EBC35E0F-56F4-44B9-841F-2B91DE5CF399}"
EndProject
Project("{9A19103F-16F7-4668-BE54-9A1E7A4F7556}") = "L029_Dictionary", "L029_Dictionary\L029_Dictionary.csproj", "{44C838B2-721F-4382-B1C2-0BC709C49450}"
EndProject
Project("{9A19103F-16F7-4668-BE54-9A1E7A4F7556}") = "L030_Stack", "L030_Stack\L030_Stack.csproj", "{7356EB4E-BCB4-4829-B1A9-AD032943EC68}"
EndProject
Project("{9A19103F-16F7-4668-BE54-9A1E7A4F7556}") = "L031_Queue", "L031_Queue\L031_Queue.csproj", "{2385B16A-486C-4A65-8F24-5ABC80B561C0}"
EndProject
Project("{9A19103F-16F7-4668-BE54-9A1E7A4F7556}") = "L032_Delegates", "L032_Delegates\L032_Delegates.csproj", "{AB22CF7D-F2CA-47C1-8E8F-644C5D415C92}"
EndProject
Project("{9A19103F-16F7-4668-BE54-9A1E7A4F7556}") = "L033_Events", "L033_Events\L033_Events.csproj", "{4DD2251D-A6C4-463D-BABB-5A44AA80FBC8}"
EndProject
Project("{9A19103F-16F7-4668-BE54-9A1E7A4F7556}") = "L037_ Library", "L037_ Library\L037_ Library.csproj", "{540BA31A-C4D2-4A73-BE8E-2081284E119D}"
EndProject
Project("{9A19103F-16F7-4668-BE54-9A1E7A4F7556}") = "L036_Extension_Methods", "L036_Extension_Methods\L036_Extension_Methods.csproj", "{8D9B7140-313A-4E81-BB5D-C8E60468368C}"
EndProject
Project("{9A19103F-16F7-4668-BE54-9A1E7A4F7556}") = "L038_Interface", "L038_Interface\L038_Interface.csproj", "{354703CE-D19E-4BB0-A259-483A4FFB897B}"
EndProject
Project("{9A19103F-16F7-4668-BE54-9A1E7A4F7556}") = "L034_Lambda", "L034_Lambda\L034_Lambda.csproj", "{5FB3E2C8-8683-4CA3-80B5-315FE1E9F5FA}"
EndProject
Project("{9A19103F-16F7-4668-BE54-9A1E7A4F7556}") = "L035_Anonymous_Types", "L035_Anonymous_Types\L035_Anonymous_Types.csproj", "{E4B8B461-C58C-4120-9AC7-2092909C678B}"
EndProject
Project("{9A19103F-16F7-4668-BE54-9A1E7A4F7556}") = "L039_LINQ", "L039_LINQ\L039_LINQ.csproj", "{BF2D2A65-DAE6-4FA3-BF9A-266A1C96C796}"
EndProject
Project("{9A19103F-16F7-4668-BE54-9A1E7A4F7556}") = "L040_Yield_Return", "L040_Yield\L040_Yield_Return.csproj", "{6AEFB8FB-2320-478E-B80E-3B13761F94FD}"
EndProject
Project("{9A19103F-16F7-4668-BE54-9A1E7A4F7556}") = "L041_PLINQ", "L041_PLINQ\L041_PLINQ.csproj", "{D008294E-641B-4AFE-9655-20CCD8D4F98A}"
EndProject
Project("{9A19103F-16F7-4668-BE54-9A1E7A4F7556}") = "L042_Tasks", "L042_Tasks\L042_Tasks.csproj", "{7389AD72-E240-489B-B2D3-664D7D7CCAB4}"
EndProject
Project("{9A19103F-16F7-4668-BE54-9A1E7A4F7556}") = "L043_Async_Await", "L043_Async_Await\L043_Async_Await.csproj", "{1BD0DE20-4E63-4C62-97CD-8A28D594197F}"
EndProject
Project("{9A19103F-16F7-4668-BE54-9A1E7A4F7556}") = "L044_Race_Condition", "L044_Race_Condition\L044_Race_Condition.csproj", "{CAE7AD60-07E9-4E6F-9E3F-698A211D0324}"
EndProject
Project("{9A19103F-16F7-4668-BE54-9A1E7A4F7556}") = "L045_Deadlock", "L045_Deadlock\L045_Deadlock.csproj", "{542ADDEB-D7C0-4599-A68A-ED203A2ACB41}"
EndProject
Project("{9A19103F-16F7-4668-BE54-9A1E7A4F7556}") = "L046_SOLID", "L046_SOLID\L046_SOLID.csproj", "{998528CF-BF33-4524-B2DE-F2AF6BD74465}"
EndProject
Project("{9A19103F-16F7-4668-BE54-9A1E7A4F7556}") = "L047_Intro_WPF", "L047_Intro_WPF\L047_Intro_WPF.csproj", "{468B38FC-BFAE-4A2C-ABCB-FB4256D0B466}"
EndProject
Project("{FAE04EC0-301F-11D3-BF4B-00C04F79EFBC}") = "L048_WPF_Standardkontroller", "L048_WPF_Standardkontroller\L048_WPF_Standardkontroller.csproj", "{F9C78FEF-287F-4A93-A0DD-0899AF713B25}"
EndProject
Project("{FAE04EC0-301F-11D3-BF4B-00C04F79EFBC}") = "L049_Windows_and_Dialogs", "L049_Windows_and_Dialogs\L049_Windows_and_Dialogs.csproj", "{C5358C19-C7E9-49A5-A6E0-CAD6E0231078}"
EndProject
Global
	GlobalSection(SolutionConfigurationPlatforms) = preSolution
		Debug|Any CPU = Debug|Any CPU
		Release|Any CPU = Release|Any CPU
	EndGlobalSection
	GlobalSection(ProjectConfigurationPlatforms) = postSolution
		{3237B15A-3469-44EB-B47B-991F1CE85E37}.Debug|Any CPU.ActiveCfg = Debug|Any CPU
		{3237B15A-3469-44EB-B47B-991F1CE85E37}.Debug|Any CPU.Build.0 = Debug|Any CPU
		{3237B15A-3469-44EB-B47B-991F1CE85E37}.Release|Any CPU.ActiveCfg = Release|Any CPU
		{3237B15A-3469-44EB-B47B-991F1CE85E37}.Release|Any CPU.Build.0 = Release|Any CPU
		{C7BFD980-D99B-49E9-B2AB-81206B2F9EAE}.Debug|Any CPU.ActiveCfg = Debug|Any CPU
		{C7BFD980-D99B-49E9-B2AB-81206B2F9EAE}.Debug|Any CPU.Build.0 = Debug|Any CPU
		{C7BFD980-D99B-49E9-B2AB-81206B2F9EAE}.Release|Any CPU.ActiveCfg = Release|Any CPU
		{C7BFD980-D99B-49E9-B2AB-81206B2F9EAE}.Release|Any CPU.Build.0 = Release|Any CPU
		{128CDBBB-4D01-4BDB-B183-52F544B5A363}.Debug|Any CPU.ActiveCfg = Debug|Any CPU
		{128CDBBB-4D01-4BDB-B183-52F544B5A363}.Debug|Any CPU.Build.0 = Debug|Any CPU
		{128CDBBB-4D01-4BDB-B183-52F544B5A363}.Release|Any CPU.ActiveCfg = Release|Any CPU
		{128CDBBB-4D01-4BDB-B183-52F544B5A363}.Release|Any CPU.Build.0 = Release|Any CPU
		{585D9D35-2CF8-490D-AF23-196B727D6349}.Debug|Any CPU.ActiveCfg = Debug|Any CPU
		{585D9D35-2CF8-490D-AF23-196B727D6349}.Debug|Any CPU.Build.0 = Debug|Any CPU
		{585D9D35-2CF8-490D-AF23-196B727D6349}.Release|Any CPU.ActiveCfg = Release|Any CPU
		{585D9D35-2CF8-490D-AF23-196B727D6349}.Release|Any CPU.Build.0 = Release|Any CPU
		{2987083A-6503-4F98-A336-0E4F01FAEFBA}.Debug|Any CPU.ActiveCfg = Debug|Any CPU
		{2987083A-6503-4F98-A336-0E4F01FAEFBA}.Debug|Any CPU.Build.0 = Debug|Any CPU
		{2987083A-6503-4F98-A336-0E4F01FAEFBA}.Release|Any CPU.ActiveCfg = Release|Any CPU
		{2987083A-6503-4F98-A336-0E4F01FAEFBA}.Release|Any CPU.Build.0 = Release|Any CPU
		{35F049BE-1F24-4DD8-89C9-347A45109954}.Debug|Any CPU.ActiveCfg = Debug|Any CPU
		{35F049BE-1F24-4DD8-89C9-347A45109954}.Debug|Any CPU.Build.0 = Debug|Any CPU
		{35F049BE-1F24-4DD8-89C9-347A45109954}.Release|Any CPU.ActiveCfg = Release|Any CPU
		{35F049BE-1F24-4DD8-89C9-347A45109954}.Release|Any CPU.Build.0 = Release|Any CPU
		{76B5321F-C7E3-4F14-BF18-4372C5A1397B}.Debug|Any CPU.ActiveCfg = Debug|Any CPU
		{76B5321F-C7E3-4F14-BF18-4372C5A1397B}.Debug|Any CPU.Build.0 = Debug|Any CPU
		{76B5321F-C7E3-4F14-BF18-4372C5A1397B}.Release|Any CPU.ActiveCfg = Release|Any CPU
		{76B5321F-C7E3-4F14-BF18-4372C5A1397B}.Release|Any CPU.Build.0 = Release|Any CPU
		{85581D87-818C-49D3-91BC-36F85FCE4FE1}.Debug|Any CPU.ActiveCfg = Debug|Any CPU
		{85581D87-818C-49D3-91BC-36F85FCE4FE1}.Debug|Any CPU.Build.0 = Debug|Any CPU
		{85581D87-818C-49D3-91BC-36F85FCE4FE1}.Release|Any CPU.ActiveCfg = Release|Any CPU
		{85581D87-818C-49D3-91BC-36F85FCE4FE1}.Release|Any CPU.Build.0 = Release|Any CPU
		{E593699A-1B38-4260-AB2E-999D80F10A07}.Debug|Any CPU.ActiveCfg = Debug|Any CPU
		{E593699A-1B38-4260-AB2E-999D80F10A07}.Debug|Any CPU.Build.0 = Debug|Any CPU
		{E593699A-1B38-4260-AB2E-999D80F10A07}.Release|Any CPU.ActiveCfg = Release|Any CPU
		{E593699A-1B38-4260-AB2E-999D80F10A07}.Release|Any CPU.Build.0 = Release|Any CPU
		{F42F1E8F-CCEC-421C-92BC-2F032E53ACAA}.Debug|Any CPU.ActiveCfg = Debug|Any CPU
		{F42F1E8F-CCEC-421C-92BC-2F032E53ACAA}.Debug|Any CPU.Build.0 = Debug|Any CPU
		{F42F1E8F-CCEC-421C-92BC-2F032E53ACAA}.Release|Any CPU.ActiveCfg = Release|Any CPU
		{F42F1E8F-CCEC-421C-92BC-2F032E53ACAA}.Release|Any CPU.Build.0 = Release|Any CPU
		{4D7A5595-1AEE-4412-B3E5-20BE2D9E89A4}.Debug|Any CPU.ActiveCfg = Debug|Any CPU
		{4D7A5595-1AEE-4412-B3E5-20BE2D9E89A4}.Debug|Any CPU.Build.0 = Debug|Any CPU
		{4D7A5595-1AEE-4412-B3E5-20BE2D9E89A4}.Release|Any CPU.ActiveCfg = Release|Any CPU
		{4D7A5595-1AEE-4412-B3E5-20BE2D9E89A4}.Release|Any CPU.Build.0 = Release|Any CPU
		{54210ECC-222E-4A83-B864-C76FDCDE16AF}.Debug|Any CPU.ActiveCfg = Debug|Any CPU
		{54210ECC-222E-4A83-B864-C76FDCDE16AF}.Debug|Any CPU.Build.0 = Debug|Any CPU
		{54210ECC-222E-4A83-B864-C76FDCDE16AF}.Release|Any CPU.ActiveCfg = Release|Any CPU
		{54210ECC-222E-4A83-B864-C76FDCDE16AF}.Release|Any CPU.Build.0 = Release|Any CPU
		{AF4FEA3C-09F3-4587-9BEE-434A9C1318E3}.Debug|Any CPU.ActiveCfg = Debug|Any CPU
		{AF4FEA3C-09F3-4587-9BEE-434A9C1318E3}.Debug|Any CPU.Build.0 = Debug|Any CPU
		{AF4FEA3C-09F3-4587-9BEE-434A9C1318E3}.Release|Any CPU.ActiveCfg = Release|Any CPU
		{AF4FEA3C-09F3-4587-9BEE-434A9C1318E3}.Release|Any CPU.Build.0 = Release|Any CPU
		{68E79ABE-931A-4830-87F9-EF4A97013EBB}.Debug|Any CPU.ActiveCfg = Debug|Any CPU
		{68E79ABE-931A-4830-87F9-EF4A97013EBB}.Debug|Any CPU.Build.0 = Debug|Any CPU
		{68E79ABE-931A-4830-87F9-EF4A97013EBB}.Release|Any CPU.ActiveCfg = Release|Any CPU
		{68E79ABE-931A-4830-87F9-EF4A97013EBB}.Release|Any CPU.Build.0 = Release|Any CPU
		{DE2FA515-B3C6-40D4-8A1C-83BEDAD23810}.Debug|Any CPU.ActiveCfg = Debug|Any CPU
		{DE2FA515-B3C6-40D4-8A1C-83BEDAD23810}.Debug|Any CPU.Build.0 = Debug|Any CPU
		{DE2FA515-B3C6-40D4-8A1C-83BEDAD23810}.Release|Any CPU.ActiveCfg = Release|Any CPU
		{DE2FA515-B3C6-40D4-8A1C-83BEDAD23810}.Release|Any CPU.Build.0 = Release|Any CPU
		{842F8880-269C-4B48-9002-177BAF34A7F1}.Debug|Any CPU.ActiveCfg = Debug|Any CPU
		{842F8880-269C-4B48-9002-177BAF34A7F1}.Debug|Any CPU.Build.0 = Debug|Any CPU
		{842F8880-269C-4B48-9002-177BAF34A7F1}.Release|Any CPU.ActiveCfg = Release|Any CPU
		{842F8880-269C-4B48-9002-177BAF34A7F1}.Release|Any CPU.Build.0 = Release|Any CPU
		{F2162078-378C-403C-B575-25140079E02C}.Debug|Any CPU.ActiveCfg = Debug|Any CPU
		{F2162078-378C-403C-B575-25140079E02C}.Debug|Any CPU.Build.0 = Debug|Any CPU
		{F2162078-378C-403C-B575-25140079E02C}.Release|Any CPU.ActiveCfg = Release|Any CPU
		{F2162078-378C-403C-B575-25140079E02C}.Release|Any CPU.Build.0 = Release|Any CPU
		{24CCA455-ABFF-48AB-9743-7284805AB67B}.Debug|Any CPU.ActiveCfg = Debug|Any CPU
		{24CCA455-ABFF-48AB-9743-7284805AB67B}.Debug|Any CPU.Build.0 = Debug|Any CPU
		{24CCA455-ABFF-48AB-9743-7284805AB67B}.Release|Any CPU.ActiveCfg = Release|Any CPU
		{24CCA455-ABFF-48AB-9743-7284805AB67B}.Release|Any CPU.Build.0 = Release|Any CPU
		{F7C0C305-C475-4408-9EB1-5B4ECD6BB1CA}.Debug|Any CPU.ActiveCfg = Debug|Any CPU
		{F7C0C305-C475-4408-9EB1-5B4ECD6BB1CA}.Debug|Any CPU.Build.0 = Debug|Any CPU
		{F7C0C305-C475-4408-9EB1-5B4ECD6BB1CA}.Release|Any CPU.ActiveCfg = Release|Any CPU
		{F7C0C305-C475-4408-9EB1-5B4ECD6BB1CA}.Release|Any CPU.Build.0 = Release|Any CPU
		{CD289C96-A842-4FCD-8AE4-FD408EBCC6A6}.Debug|Any CPU.ActiveCfg = Debug|Any CPU
		{CD289C96-A842-4FCD-8AE4-FD408EBCC6A6}.Debug|Any CPU.Build.0 = Debug|Any CPU
		{CD289C96-A842-4FCD-8AE4-FD408EBCC6A6}.Release|Any CPU.ActiveCfg = Release|Any CPU
		{CD289C96-A842-4FCD-8AE4-FD408EBCC6A6}.Release|Any CPU.Build.0 = Release|Any CPU
		{8DD74E2D-B15C-4666-994D-9C7557871FFB}.Debug|Any CPU.ActiveCfg = Debug|Any CPU
		{8DD74E2D-B15C-4666-994D-9C7557871FFB}.Debug|Any CPU.Build.0 = Debug|Any CPU
		{8DD74E2D-B15C-4666-994D-9C7557871FFB}.Release|Any CPU.ActiveCfg = Release|Any CPU
		{8DD74E2D-B15C-4666-994D-9C7557871FFB}.Release|Any CPU.Build.0 = Release|Any CPU
		{4E3569BD-80F8-46E5-B7AE-40BA8377ACCE}.Debug|Any CPU.ActiveCfg = Debug|Any CPU
		{4E3569BD-80F8-46E5-B7AE-40BA8377ACCE}.Debug|Any CPU.Build.0 = Debug|Any CPU
		{4E3569BD-80F8-46E5-B7AE-40BA8377ACCE}.Release|Any CPU.ActiveCfg = Release|Any CPU
		{4E3569BD-80F8-46E5-B7AE-40BA8377ACCE}.Release|Any CPU.Build.0 = Release|Any CPU
		{C5F27030-EA23-41A9-B207-14647ED1D492}.Debug|Any CPU.ActiveCfg = Debug|Any CPU
		{C5F27030-EA23-41A9-B207-14647ED1D492}.Debug|Any CPU.Build.0 = Debug|Any CPU
		{C5F27030-EA23-41A9-B207-14647ED1D492}.Release|Any CPU.ActiveCfg = Release|Any CPU
		{C5F27030-EA23-41A9-B207-14647ED1D492}.Release|Any CPU.Build.0 = Release|Any CPU
		{DE05251D-6C17-48AE-8155-6488574D9EC4}.Debug|Any CPU.ActiveCfg = Debug|Any CPU
		{DE05251D-6C17-48AE-8155-6488574D9EC4}.Debug|Any CPU.Build.0 = Debug|Any CPU
		{DE05251D-6C17-48AE-8155-6488574D9EC4}.Release|Any CPU.ActiveCfg = Release|Any CPU
		{DE05251D-6C17-48AE-8155-6488574D9EC4}.Release|Any CPU.Build.0 = Release|Any CPU
		{817E0C19-6AE3-4C9F-99CD-9ED351BAAD82}.Debug|Any CPU.ActiveCfg = Debug|Any CPU
		{817E0C19-6AE3-4C9F-99CD-9ED351BAAD82}.Debug|Any CPU.Build.0 = Debug|Any CPU
		{817E0C19-6AE3-4C9F-99CD-9ED351BAAD82}.Release|Any CPU.ActiveCfg = Release|Any CPU
		{817E0C19-6AE3-4C9F-99CD-9ED351BAAD82}.Release|Any CPU.Build.0 = Release|Any CPU
		{D4847507-6076-40A0-8812-CB5E6BF161B3}.Debug|Any CPU.ActiveCfg = Debug|Any CPU
		{D4847507-6076-40A0-8812-CB5E6BF161B3}.Debug|Any CPU.Build.0 = Debug|Any CPU
		{D4847507-6076-40A0-8812-CB5E6BF161B3}.Release|Any CPU.ActiveCfg = Release|Any CPU
		{D4847507-6076-40A0-8812-CB5E6BF161B3}.Release|Any CPU.Build.0 = Release|Any CPU
		{EBC35E0F-56F4-44B9-841F-2B91DE5CF399}.Debug|Any CPU.ActiveCfg = Debug|Any CPU
		{EBC35E0F-56F4-44B9-841F-2B91DE5CF399}.Debug|Any CPU.Build.0 = Debug|Any CPU
		{EBC35E0F-56F4-44B9-841F-2B91DE5CF399}.Release|Any CPU.ActiveCfg = Release|Any CPU
		{EBC35E0F-56F4-44B9-841F-2B91DE5CF399}.Release|Any CPU.Build.0 = Release|Any CPU
		{44C838B2-721F-4382-B1C2-0BC709C49450}.Debug|Any CPU.ActiveCfg = Debug|Any CPU
		{44C838B2-721F-4382-B1C2-0BC709C49450}.Debug|Any CPU.Build.0 = Debug|Any CPU
		{44C838B2-721F-4382-B1C2-0BC709C49450}.Release|Any CPU.ActiveCfg = Release|Any CPU
		{44C838B2-721F-4382-B1C2-0BC709C49450}.Release|Any CPU.Build.0 = Release|Any CPU
		{7356EB4E-BCB4-4829-B1A9-AD032943EC68}.Debug|Any CPU.ActiveCfg = Debug|Any CPU
		{7356EB4E-BCB4-4829-B1A9-AD032943EC68}.Debug|Any CPU.Build.0 = Debug|Any CPU
		{7356EB4E-BCB4-4829-B1A9-AD032943EC68}.Release|Any CPU.ActiveCfg = Release|Any CPU
		{7356EB4E-BCB4-4829-B1A9-AD032943EC68}.Release|Any CPU.Build.0 = Release|Any CPU
		{2385B16A-486C-4A65-8F24-5ABC80B561C0}.Debug|Any CPU.ActiveCfg = Debug|Any CPU
		{2385B16A-486C-4A65-8F24-5ABC80B561C0}.Debug|Any CPU.Build.0 = Debug|Any CPU
		{2385B16A-486C-4A65-8F24-5ABC80B561C0}.Release|Any CPU.ActiveCfg = Release|Any CPU
		{2385B16A-486C-4A65-8F24-5ABC80B561C0}.Release|Any CPU.Build.0 = Release|Any CPU
		{AB22CF7D-F2CA-47C1-8E8F-644C5D415C92}.Debug|Any CPU.ActiveCfg = Debug|Any CPU
		{AB22CF7D-F2CA-47C1-8E8F-644C5D415C92}.Debug|Any CPU.Build.0 = Debug|Any CPU
		{AB22CF7D-F2CA-47C1-8E8F-644C5D415C92}.Release|Any CPU.ActiveCfg = Release|Any CPU
		{AB22CF7D-F2CA-47C1-8E8F-644C5D415C92}.Release|Any CPU.Build.0 = Release|Any CPU
		{4DD2251D-A6C4-463D-BABB-5A44AA80FBC8}.Debug|Any CPU.ActiveCfg = Debug|Any CPU
		{4DD2251D-A6C4-463D-BABB-5A44AA80FBC8}.Debug|Any CPU.Build.0 = Debug|Any CPU
		{4DD2251D-A6C4-463D-BABB-5A44AA80FBC8}.Release|Any CPU.ActiveCfg = Release|Any CPU
		{4DD2251D-A6C4-463D-BABB-5A44AA80FBC8}.Release|Any CPU.Build.0 = Release|Any CPU
		{540BA31A-C4D2-4A73-BE8E-2081284E119D}.Debug|Any CPU.ActiveCfg = Debug|Any CPU
		{540BA31A-C4D2-4A73-BE8E-2081284E119D}.Debug|Any CPU.Build.0 = Debug|Any CPU
		{540BA31A-C4D2-4A73-BE8E-2081284E119D}.Release|Any CPU.ActiveCfg = Release|Any CPU
		{540BA31A-C4D2-4A73-BE8E-2081284E119D}.Release|Any CPU.Build.0 = Release|Any CPU
		{8D9B7140-313A-4E81-BB5D-C8E60468368C}.Debug|Any CPU.ActiveCfg = Debug|Any CPU
		{8D9B7140-313A-4E81-BB5D-C8E60468368C}.Debug|Any CPU.Build.0 = Debug|Any CPU
		{8D9B7140-313A-4E81-BB5D-C8E60468368C}.Release|Any CPU.ActiveCfg = Release|Any CPU
		{8D9B7140-313A-4E81-BB5D-C8E60468368C}.Release|Any CPU.Build.0 = Release|Any CPU
		{354703CE-D19E-4BB0-A259-483A4FFB897B}.Debug|Any CPU.ActiveCfg = Debug|Any CPU
		{354703CE-D19E-4BB0-A259-483A4FFB897B}.Debug|Any CPU.Build.0 = Debug|Any CPU
		{354703CE-D19E-4BB0-A259-483A4FFB897B}.Release|Any CPU.ActiveCfg = Release|Any CPU
		{354703CE-D19E-4BB0-A259-483A4FFB897B}.Release|Any CPU.Build.0 = Release|Any CPU
		{5FB3E2C8-8683-4CA3-80B5-315FE1E9F5FA}.Debug|Any CPU.ActiveCfg = Debug|Any CPU
		{5FB3E2C8-8683-4CA3-80B5-315FE1E9F5FA}.Debug|Any CPU.Build.0 = Debug|Any CPU
		{5FB3E2C8-8683-4CA3-80B5-315FE1E9F5FA}.Release|Any CPU.ActiveCfg = Release|Any CPU
		{5FB3E2C8-8683-4CA3-80B5-315FE1E9F5FA}.Release|Any CPU.Build.0 = Release|Any CPU
		{E4B8B461-C58C-4120-9AC7-2092909C678B}.Debug|Any CPU.ActiveCfg = Debug|Any CPU
		{E4B8B461-C58C-4120-9AC7-2092909C678B}.Debug|Any CPU.Build.0 = Debug|Any CPU
		{E4B8B461-C58C-4120-9AC7-2092909C678B}.Release|Any CPU.ActiveCfg = Release|Any CPU
		{E4B8B461-C58C-4120-9AC7-2092909C678B}.Release|Any CPU.Build.0 = Release|Any CPU
		{BF2D2A65-DAE6-4FA3-BF9A-266A1C96C796}.Debug|Any CPU.ActiveCfg = Debug|Any CPU
		{BF2D2A65-DAE6-4FA3-BF9A-266A1C96C796}.Debug|Any CPU.Build.0 = Debug|Any CPU
		{BF2D2A65-DAE6-4FA3-BF9A-266A1C96C796}.Release|Any CPU.ActiveCfg = Release|Any CPU
		{BF2D2A65-DAE6-4FA3-BF9A-266A1C96C796}.Release|Any CPU.Build.0 = Release|Any CPU
		{6AEFB8FB-2320-478E-B80E-3B13761F94FD}.Debug|Any CPU.ActiveCfg = Debug|Any CPU
		{6AEFB8FB-2320-478E-B80E-3B13761F94FD}.Debug|Any CPU.Build.0 = Debug|Any CPU
		{6AEFB8FB-2320-478E-B80E-3B13761F94FD}.Release|Any CPU.ActiveCfg = Release|Any CPU
		{6AEFB8FB-2320-478E-B80E-3B13761F94FD}.Release|Any CPU.Build.0 = Release|Any CPU
		{D008294E-641B-4AFE-9655-20CCD8D4F98A}.Debug|Any CPU.ActiveCfg = Debug|Any CPU
		{D008294E-641B-4AFE-9655-20CCD8D4F98A}.Debug|Any CPU.Build.0 = Debug|Any CPU
		{D008294E-641B-4AFE-9655-20CCD8D4F98A}.Release|Any CPU.ActiveCfg = Release|Any CPU
		{D008294E-641B-4AFE-9655-20CCD8D4F98A}.Release|Any CPU.Build.0 = Release|Any CPU
		{7389AD72-E240-489B-B2D3-664D7D7CCAB4}.Debug|Any CPU.ActiveCfg = Debug|Any CPU
		{7389AD72-E240-489B-B2D3-664D7D7CCAB4}.Debug|Any CPU.Build.0 = Debug|Any CPU
		{7389AD72-E240-489B-B2D3-664D7D7CCAB4}.Release|Any CPU.ActiveCfg = Release|Any CPU
		{7389AD72-E240-489B-B2D3-664D7D7CCAB4}.Release|Any CPU.Build.0 = Release|Any CPU
		{1BD0DE20-4E63-4C62-97CD-8A28D594197F}.Debug|Any CPU.ActiveCfg = Debug|Any CPU
		{1BD0DE20-4E63-4C62-97CD-8A28D594197F}.Debug|Any CPU.Build.0 = Debug|Any CPU
		{1BD0DE20-4E63-4C62-97CD-8A28D594197F}.Release|Any CPU.ActiveCfg = Release|Any CPU
		{1BD0DE20-4E63-4C62-97CD-8A28D594197F}.Release|Any CPU.Build.0 = Release|Any CPU
		{CAE7AD60-07E9-4E6F-9E3F-698A211D0324}.Debug|Any CPU.ActiveCfg = Debug|Any CPU
		{CAE7AD60-07E9-4E6F-9E3F-698A211D0324}.Debug|Any CPU.Build.0 = Debug|Any CPU
		{CAE7AD60-07E9-4E6F-9E3F-698A211D0324}.Release|Any CPU.ActiveCfg = Release|Any CPU
		{CAE7AD60-07E9-4E6F-9E3F-698A211D0324}.Release|Any CPU.Build.0 = Release|Any CPU
		{542ADDEB-D7C0-4599-A68A-ED203A2ACB41}.Debug|Any CPU.ActiveCfg = Debug|Any CPU
		{542ADDEB-D7C0-4599-A68A-ED203A2ACB41}.Debug|Any CPU.Build.0 = Debug|Any CPU
		{542ADDEB-D7C0-4599-A68A-ED203A2ACB41}.Release|Any CPU.ActiveCfg = Release|Any CPU
		{542ADDEB-D7C0-4599-A68A-ED203A2ACB41}.Release|Any CPU.Build.0 = Release|Any CPU
		{998528CF-BF33-4524-B2DE-F2AF6BD74465}.Debug|Any CPU.ActiveCfg = Debug|Any CPU
		{998528CF-BF33-4524-B2DE-F2AF6BD74465}.Debug|Any CPU.Build.0 = Debug|Any CPU
		{998528CF-BF33-4524-B2DE-F2AF6BD74465}.Release|Any CPU.ActiveCfg = Release|Any CPU
		{998528CF-BF33-4524-B2DE-F2AF6BD74465}.Release|Any CPU.Build.0 = Release|Any CPU
		{468B38FC-BFAE-4A2C-ABCB-FB4256D0B466}.Debug|Any CPU.ActiveCfg = Debug|Any CPU
		{468B38FC-BFAE-4A2C-ABCB-FB4256D0B466}.Debug|Any CPU.Build.0 = Debug|Any CPU
		{468B38FC-BFAE-4A2C-ABCB-FB4256D0B466}.Release|Any CPU.ActiveCfg = Release|Any CPU
		{468B38FC-BFAE-4A2C-ABCB-FB4256D0B466}.Release|Any CPU.Build.0 = Release|Any CPU
		{F9C78FEF-287F-4A93-A0DD-0899AF713B25}.Debug|Any CPU.ActiveCfg = Debug|Any CPU
		{F9C78FEF-287F-4A93-A0DD-0899AF713B25}.Debug|Any CPU.Build.0 = Debug|Any CPU
		{F9C78FEF-287F-4A93-A0DD-0899AF713B25}.Release|Any CPU.ActiveCfg = Release|Any CPU
		{F9C78FEF-287F-4A93-A0DD-0899AF713B25}.Release|Any CPU.Build.0 = Release|Any CPU
		{C5358C19-C7E9-49A5-A6E0-CAD6E0231078}.Debug|Any CPU.ActiveCfg = Debug|Any CPU
		{C5358C19-C7E9-49A5-A6E0-CAD6E0231078}.Debug|Any CPU.Build.0 = Debug|Any CPU
		{C5358C19-C7E9-49A5-A6E0-CAD6E0231078}.Release|Any CPU.ActiveCfg = Release|Any CPU
		{C5358C19-C7E9-49A5-A6E0-CAD6E0231078}.Release|Any CPU.Build.0 = Release|Any CPU
	EndGlobalSection
	GlobalSection(SolutionProperties) = preSolution
		HideSolutionNode = FALSE
	EndGlobalSection
	GlobalSection(ExtensibilityGlobals) = postSolution
		SolutionGuid = {57973FEB-B642-42A7-A144-CF403E599658}
	EndGlobalSection
EndGlobal
