
Microsoft Visual Studio Solution File, Format Version 12.00
# Visual Studio Version 17
VisualStudioVersion = 17.9.34728.123
MinimumVisualStudioVersion = 10.0.40219.1
Project("{9A19103F-16F7-4668-BE54-9A1E7A4F7556}") = "1", "1\1.csproj", "{239A9D48-158E-485F-904C-1CDAD770F77E}"
EndProject
Project("{9A19103F-16F7-4668-BE54-9A1E7A4F7556}") = "2", "2\2.csproj", "{222115A1-7DFC-47C6-AB42-529C6B783D91}"
EndProject
Project("{9A19103F-16F7-4668-BE54-9A1E7A4F7556}") = "3", "3\3.csproj", "{D5278337-0192-49A0-91A8-D5BBFD18ABBE}"
EndProject
Project("{9A19103F-16F7-4668-BE54-9A1E7A4F7556}") = "4", "4\4.csproj", "{17C860EE-7196-4FFD-A1C2-D03E5963B76B}"
EndProject
Project("{9A19103F-16F7-4668-BE54-9A1E7A4F7556}") = "5", "5\5.csproj", "{0E10C846-FC95-4217-BC98-979FF0F002A5}"
EndProject
Project("{9A19103F-16F7-4668-BE54-9A1E7A4F7556}") = "6", "6\6.csproj", "{59C139B2-66DD-4E6C-913B-21E88EB26F81}"
EndProject
Project("{9A19103F-16F7-4668-BE54-9A1E7A4F7556}") = "7", "7\7.csproj", "{748C1D5B-22D3-4855-8960-35DE3E8B71D3}"
EndProject
Project("{9A19103F-16F7-4668-BE54-9A1E7A4F7556}") = "8", "8\8.csproj", "{D0B1B9A8-D79E-4DB0-8DDF-988CAB2F9D89}"
EndProject
Project("{9A19103F-16F7-4668-BE54-9A1E7A4F7556}") = "9", "9\9.csproj", "{7FB5E2B9-721E-46B6-8084-57F8142AB987}"
EndProject
Project("{FAE04EC0-301F-11D3-BF4B-00C04F79EFBC}") = "10", "10\10.csproj", "{56B37736-5798-41FA-9C86-D37879EC1A3A}"
EndProject
Global
	GlobalSection(SolutionConfigurationPlatforms) = preSolution
		Debug|Any CPU = Debug|Any CPU
		Release|Any CPU = Release|Any CPU
	EndGlobalSection
	GlobalSection(ProjectConfigurationPlatforms) = postSolution
		{239A9D48-158E-485F-904C-1CDAD770F77E}.Debug|Any CPU.ActiveCfg = Debug|Any CPU
		{239A9D48-158E-485F-904C-1CDAD770F77E}.Debug|Any CPU.Build.0 = Debug|Any CPU
		{239A9D48-158E-485F-904C-1CDAD770F77E}.Release|Any CPU.ActiveCfg = Release|Any CPU
		{239A9D48-158E-485F-904C-1CDAD770F77E}.Release|Any CPU.Build.0 = Release|Any CPU
		{222115A1-7DFC-47C6-AB42-529C6B783D91}.Debug|Any CPU.ActiveCfg = Debug|Any CPU
		{222115A1-7DFC-47C6-AB42-529C6B783D91}.Debug|Any CPU.Build.0 = Debug|Any CPU
		{222115A1-7DFC-47C6-AB42-529C6B783D91}.Release|Any CPU.ActiveCfg = Release|Any CPU
		{222115A1-7DFC-47C6-AB42-529C6B783D91}.Release|Any CPU.Build.0 = Release|Any CPU
		{D5278337-0192-49A0-91A8-D5BBFD18ABBE}.Debug|Any CPU.ActiveCfg = Debug|Any CPU
		{D5278337-0192-49A0-91A8-D5BBFD18ABBE}.Debug|Any CPU.Build.0 = Debug|Any CPU
		{D5278337-0192-49A0-91A8-D5BBFD18ABBE}.Release|Any CPU.ActiveCfg = Release|Any CPU
		{D5278337-0192-49A0-91A8-D5BBFD18ABBE}.Release|Any CPU.Build.0 = Release|Any CPU
		{17C860EE-7196-4FFD-A1C2-D03E5963B76B}.Debug|Any CPU.ActiveCfg = Debug|Any CPU
		{17C860EE-7196-4FFD-A1C2-D03E5963B76B}.Debug|Any CPU.Build.0 = Debug|Any CPU
		{17C860EE-7196-4FFD-A1C2-D03E5963B76B}.Release|Any CPU.ActiveCfg = Release|Any CPU
		{17C860EE-7196-4FFD-A1C2-D03E5963B76B}.Release|Any CPU.Build.0 = Release|Any CPU
		{0E10C846-FC95-4217-BC98-979FF0F002A5}.Debug|Any CPU.ActiveCfg = Debug|Any CPU
		{0E10C846-FC95-4217-BC98-979FF0F002A5}.Debug|Any CPU.Build.0 = Debug|Any CPU
		{0E10C846-FC95-4217-BC98-979FF0F002A5}.Release|Any CPU.ActiveCfg = Release|Any CPU
		{0E10C846-FC95-4217-BC98-979FF0F002A5}.Release|Any CPU.Build.0 = Release|Any CPU
		{59C139B2-66DD-4E6C-913B-21E88EB26F81}.Debug|Any CPU.ActiveCfg = Debug|Any CPU
		{59C139B2-66DD-4E6C-913B-21E88EB26F81}.Debug|Any CPU.Build.0 = Debug|Any CPU
		{59C139B2-66DD-4E6C-913B-21E88EB26F81}.Release|Any CPU.ActiveCfg = Release|Any CPU
		{59C139B2-66DD-4E6C-913B-21E88EB26F81}.Release|Any CPU.Build.0 = Release|Any CPU
		{748C1D5B-22D3-4855-8960-35DE3E8B71D3}.Debug|Any CPU.ActiveCfg = Debug|Any CPU
		{748C1D5B-22D3-4855-8960-35DE3E8B71D3}.Debug|Any CPU.Build.0 = Debug|Any CPU
		{748C1D5B-22D3-4855-8960-35DE3E8B71D3}.Release|Any CPU.ActiveCfg = Release|Any CPU
		{748C1D5B-22D3-4855-8960-35DE3E8B71D3}.Release|Any CPU.Build.0 = Release|Any CPU
		{D0B1B9A8-D79E-4DB0-8DDF-988CAB2F9D89}.Debug|Any CPU.ActiveCfg = Debug|Any CPU
		{D0B1B9A8-D79E-4DB0-8DDF-988CAB2F9D89}.Debug|Any CPU.Build.0 = Debug|Any CPU
		{D0B1B9A8-D79E-4DB0-8DDF-988CAB2F9D89}.Release|Any CPU.ActiveCfg = Release|Any CPU
		{D0B1B9A8-D79E-4DB0-8DDF-988CAB2F9D89}.Release|Any CPU.Build.0 = Release|Any CPU
		{7FB5E2B9-721E-46B6-8084-57F8142AB987}.Debug|Any CPU.ActiveCfg = Debug|Any CPU
		{7FB5E2B9-721E-46B6-8084-57F8142AB987}.Debug|Any CPU.Build.0 = Debug|Any CPU
		{7FB5E2B9-721E-46B6-8084-57F8142AB987}.Release|Any CPU.ActiveCfg = Release|Any CPU
		{7FB5E2B9-721E-46B6-8084-57F8142AB987}.Release|Any CPU.Build.0 = Release|Any CPU
		{56B37736-5798-41FA-9C86-D37879EC1A3A}.Debug|Any CPU.ActiveCfg = Debug|Any CPU
		{56B37736-5798-41FA-9C86-D37879EC1A3A}.Debug|Any CPU.Build.0 = Debug|Any CPU
		{56B37736-5798-41FA-9C86-D37879EC1A3A}.Release|Any CPU.ActiveCfg = Release|Any CPU
		{56B37736-5798-41FA-9C86-D37879EC1A3A}.Release|Any CPU.Build.0 = Release|Any CPU
	EndGlobalSection
	GlobalSection(SolutionProperties) = preSolution
		HideSolutionNode = FALSE
	EndGlobalSection
	GlobalSection(ExtensibilityGlobals) = postSolution
		SolutionGuid = {79726737-1EF6-43F7-91E0-8CCDD82B3200}
	EndGlobalSection
EndGlobal
